# This file is autogenerated, do not edit; changes may be undone by the next 'dep ensure'.


[[projects]]
  digest = "1:80154261f3a8bd25b0c4f229fa007ebe8f1fef3b7be9363512b0e72b1543ce70"
  name = "github.com/disintegration/imaging"
  packages = ["."]
  pruneopts = "UT"
  revision = "9aab30e6aa535fe3337b489b76759ef97dfaf362"
  version = "v1.6.1"

[[projects]]
  branch = "master"
  digest = "1:b3710f66b926eaee90005212e4dea89f2e9b2029c542b12386216dc8ec2f83c4"
  name = "golang.org/x/image"
  packages = [
    "bmp",
    "ccitt",
    "tiff",
    "tiff/lzw",
  ]
  pruneopts = "UT"
  revision = "e7c1f5e7dbb87d8921928a6d9fc52fb31ce73b24"

[solve-meta]
  analyzer-name = "dep"
  analyzer-version = 1
  input-imports = ["github.com/disintegration/imaging"]
  solver-name = "gps-cdcl"
  solver-version = 1
