# This file is autogenerated, do not edit; changes may be undone by the next 'dep ensure'.


[[projects]]
  digest = "1:2694597a20d303502ad1b7f1cc688977c7dc34da732ccf4d27e98b552cceed5b"
  name = "github.com/disintegration/imaging"
  packages = ["."]
  pruneopts = "UT"
  revision = "0bd5694c78c9c3d9a3cd06a706a8f3c59296a9ac"
  version = "v1.5.0"

[[projects]]
  branch = "master"
  digest = "1:acadbbf02e5c744709c60ac929e63258a69a3404ab36ed0c1a245cc28f056220"
  name = "golang.org/x/image"
  packages = [
    "bmp",
    "tiff",
    "tiff/lzw",
  ]
  pruneopts = "UT"
  revision = "cd38e8056d9b27bb2f265effa37fb0ea6b8a7f0f"

[solve-meta]
  analyzer-name = "dep"
  analyzer-version = 1
  input-imports = ["github.com/disintegration/imaging"]
  solver-name = "gps-cdcl"
  solver-version = 1
